
Microsoft Visual Studio Solution File, Format Version 12.00
# Visual Studio Version 17
VisualStudioVersion = 17.3.32929.385
MinimumVisualStudioVersion = 10.0.40219.1
Project("{FAE04EC0-301F-11D3-BF4B-00C04F79EFBC}") = "ThreadClass", "ThreadClass\ThreadClass.csproj", "{C816E356-F628-4621-8CA9-F585FEAF6B72}"
EndProject
Global
	GlobalSection(SolutionConfigurationPlatforms) = preSolution
		Debug|Any CPU = Debug|Any CPU
		Release|Any CPU = Release|Any CPU
	EndGlobalSection
	GlobalSection(ProjectConfigurationPlatforms) = postSolution
		{C816E356-F628-4621-8CA9-F585FEAF6B72}.Debug|Any CPU.ActiveCfg = Debug|Any CPU
		{C816E356-F628-4621-8CA9-F585FEAF6B72}.Debug|Any CPU.Build.0 = Debug|Any CPU
		{C816E356-F628-4621-8CA9-F585FEAF6B72}.Release|Any CPU.ActiveCfg = Release|Any CPU
		{C816E356-F628-4621-8CA9-F585FEAF6B72}.Release|Any CPU.Build.0 = Release|Any CPU
	EndGlobalSection
	GlobalSection(SolutionProperties) = preSolution
		HideSolutionNode = FALSE
	EndGlobalSection
	GlobalSection(ExtensibilityGlobals) = postSolution
		SolutionGuid = {F11780FB-E1C5-4F98-8551-27425D5AE15E}
	EndGlobalSection
EndGlobal
